
Microsoft Visual Studio Solution File, Format Version 12.00
# Visual Studio Version 16
VisualStudioVersion = 16.0.31829.152
MinimumVisualStudioVersion = 10.0.40219.1
Project("{FAE04EC0-301F-11D3-BF4B-00C04F79EFBC}") = "PersonalCards", "PersonalCards\PersonalCards.csproj", "{38190367-34CA-4CD4-862A-E5C54055EE8D}"
EndProject
Global
	GlobalSection(SolutionConfigurationPlatforms) = preSolution
		Debug|Any CPU = Debug|Any CPU
		Release|Any CPU = Release|Any CPU
	EndGlobalSection
	GlobalSection(ProjectConfigurationPlatforms) = postSolution
		{38190367-34CA-4CD4-862A-E5C54055EE8D}.Debug|Any CPU.ActiveCfg = Debug|Any CPU
		{38190367-34CA-4CD4-862A-E5C54055EE8D}.Debug|Any CPU.Build.0 = Debug|Any CPU
		{38190367-34CA-4CD4-862A-E5C54055EE8D}.Release|Any CPU.ActiveCfg = Release|Any CPU
		{38190367-34CA-4CD4-862A-E5C54055EE8D}.Release|Any CPU.Build.0 = Release|Any CPU
	EndGlobalSection
	GlobalSection(SolutionProperties) = preSolution
		HideSolutionNode = FALSE
	EndGlobalSection
	GlobalSection(ExtensibilityGlobals) = postSolution
		SolutionGuid = {FDC06FE0-C34E-4015-B7A9-018594560493}
	EndGlobalSection
EndGlobal
